
Microsoft Visual Studio Solution File, Format Version 12.00
# Visual Studio 15
VisualStudioVersion = 15.0.28010.2036
MinimumVisualStudioVersion = 10.0.40219.1
Project("{9A19103F-16F7-4668-BE54-9A1E7A4F7556}") = "AsyncInn", "Async-Inn\AsyncInn.csproj", "{AE6257EA-DFD6-4C90-A137-428997427065}"
EndProject
Project("{FAE04EC0-301F-11D3-BF4B-00C04F79EFBC}") = "AsyncInnTests", "AsyncInnTests\AsyncInnTests.csproj", "{B9ED2FD3-C8D9-4CEB-9386-2202D0786B56}"
EndProject
Global
	GlobalSection(SolutionConfigurationPlatforms) = preSolution
		Debug|Any CPU = Debug|Any CPU
		Release|Any CPU = Release|Any CPU
	EndGlobalSection
	GlobalSection(ProjectConfigurationPlatforms) = postSolution
		{AE6257EA-DFD6-4C90-A137-428997427065}.Debug|Any CPU.ActiveCfg = Debug|Any CPU
		{AE6257EA-DFD6-4C90-A137-428997427065}.Debug|Any CPU.Build.0 = Debug|Any CPU
		{AE6257EA-DFD6-4C90-A137-428997427065}.Release|Any CPU.ActiveCfg = Release|Any CPU
		{AE6257EA-DFD6-4C90-A137-428997427065}.Release|Any CPU.Build.0 = Release|Any CPU
		{B9ED2FD3-C8D9-4CEB-9386-2202D0786B56}.Debug|Any CPU.ActiveCfg = Debug|Any CPU
		{B9ED2FD3-C8D9-4CEB-9386-2202D0786B56}.Debug|Any CPU.Build.0 = Debug|Any CPU
		{B9ED2FD3-C8D9-4CEB-9386-2202D0786B56}.Release|Any CPU.ActiveCfg = Release|Any CPU
		{B9ED2FD3-C8D9-4CEB-9386-2202D0786B56}.Release|Any CPU.Build.0 = Release|Any CPU
	EndGlobalSection
	GlobalSection(SolutionProperties) = preSolution
		HideSolutionNode = FALSE
	EndGlobalSection
	GlobalSection(ExtensibilityGlobals) = postSolution
		SolutionGuid = {978A2D07-32B6-4C06-85AA-E55AE2BDBE27}
	EndGlobalSection
EndGlobal
